lockfileVersion: 5.4

specifiers:
  '@shopify/prettier-plugin-liquid': ^1.0.6
  prettier: ^2.8.7

devDependencies:
  '@shopify/prettier-plugin-liquid': 1.0.6_prettier@2.8.7
  prettier: 2.8.7

packages:

  /@shopify/prettier-plugin-liquid/1.0.6_prettier@2.8.7:
    resolution: {integrity: sha512-Z4fo0H4jkmlRBRDxFbayiXDu4nWV2ZoUqdYKT7QFjIqMRM/xsBOd+GiLgZE6Nomdl8I0DF9Oyy0UCZZMn6QYXg==}
    peerDependencies:
      prettier: ^2.0.0
    dependencies:
      html-styles: 1.0.0
      line-column: 1.0.2
      ohm-js: 16.6.0
      prettier: 2.8.7
    dev: true

  /html-styles/1.0.0:
    resolution: {integrity: sha512-cDl5dcj73oI4Hy0DSUNh54CAwslNLJRCCoO+RNkVo+sBrjA/0+7E/xzvj3zH/GxbbBLGJhE0hBe1eg+0FINC6w==}
    dev: true

  /isarray/1.0.0:
    resolution: {integrity: sha512-VLghIWNM6ELQzo7zwmcg0NmTVyWKYjvIeM83yjp0wRDTmUnrM678fQbcKBo6n2CJEF0szoG//ytg+TKla89ALQ==}
    dev: true

  /isobject/2.1.0:
    resolution: {integrity: sha512-+OUdGJlgjOBZDfxnDjYYG6zp487z0JGNQq3cYQYg5f5hKR+syHMsaztzGeml/4kGG55CSpKSpWTY+jYGgsHLgA==}
    engines: {node: '>=0.10.0'}
    dependencies:
      isarray: 1.0.0
    dev: true

  /line-column/1.0.2:
    resolution: {integrity: sha512-Ktrjk5noGYlHsVnYWh62FLVs4hTb8A3e+vucNZMgPeAOITdshMSgv4cCZQeRDjm7+goqmo6+liZwTXo+U3sVww==}
    dependencies:
      isarray: 1.0.0
      isobject: 2.1.0
    dev: true

  /ohm-js/16.6.0:
    resolution: {integrity: sha512-X9P4koSGa7swgVQ0gt71UCYtkAQGOjciJPJAz74kDxWt8nXbH5HrDOQG6qBDH7SR40ktNv4x61BwpTDE9q4lRA==}
    engines: {node: '>=0.12.1'}
    dev: true

  /prettier/2.8.7:
    resolution: {integrity: sha512-yPngTo3aXUUmyuTjeTUT75txrf+aMh9FiD7q9ZE/i6r0bPb22g4FsE6Y338PQX1bmfy08i9QQCB7/rcUAVntfw==}
    engines: {node: '>=10.13.0'}
    hasBin: true
    dev: true
